# This file is autogenerated, do not edit; changes may be undone by the next 'dep ensure'.


[[projects]]
  digest = "1:4c302144a9dfe7592d6809a97eeb3afee9e584810b9d659f9d99ad7e27a3eead"
  name = "github.com/Masterminds/goutils"
  packages = ["."]
  pruneopts = "UT"
  revision = "f1923532a168b8203bfe956d8cd3b17ebece5982"
  version = "v1.1.1"

[[projects]]
  digest = "1:acd3946bd57e665227c8ebbe07fbd378422780999e332e9c3748a6c9144d020f"
  name = "github.com/Masterminds/semver"
  packages = ["."]
  pruneopts = "UT"
  revision = "7bb0c843b53d6ad21a3f619cb22c4b442bb3ef3e"
  version = "v3.1.1"

[[projects]]
  digest = "1:b565deb585c50ab8e94fe5d6c9903f1495970b97814803e4ab0e70c0a9c87a30"
  name = "github.com/Masterminds/sprig"
  packages = ["."]
  pruneopts = "UT"
  revision = "e4c0945838d570720d876a6ad9b4568ed32317b4"
  version = "v2.22.0"

[[projects]]
  digest = "1:c47f4964978e211c6e566596ec6246c329912ea92e9bb99c00798bb4564c5b09"
  name = "github.com/armon/go-radix"
  packages = ["."]
  pruneopts = "UT"
  revision = "1a2de0c21c94309923825da3df33a4381872c795"
  version = "v1.0.0"

[[projects]]
  digest = "1:1343a2963481a305ca4d051e84bc2abd16b601ee22ed324f8d605de1adb291b0"
  name = "github.com/bgentry/speakeasy"
  packages = ["."]
  pruneopts = "UT"
  revision = "4aabc24848ce5fd31929f7d1e4ea74d3709c14cd"
  version = "v0.1.0"

[[projects]]
  digest = "1:6e6a015e8e8fa80006309826c6129b59341c56103245da051f206b1b3605f0bb"
  name = "github.com/fatih/color"
  packages = ["."]
  pruneopts = "UT"
  revision = "bc2269661d49c6c9d0e514eef49710556883f3fa"
  version = "v1.10.0"

[[projects]]
  digest = "1:b4c37f161f9abc89aede53a621205cda38d2df6659dff7b8044d8295ed24291f"
  name = "github.com/gofrs/uuid"
  packages = ["."]
  pruneopts = "UT"
  revision = "4b36aa0ea796d49630bbae624f8f05ab7013af77"
  version = "v4.0.0"

[[projects]]
  digest = "1:23beadf5fe4a6be917c345bc081722e8deb6de0d0ceb64fe2c11942c04cdaa63"
  name = "github.com/gogo/protobuf"
  packages = [
    "gogoproto",
    "proto",
    "protoc-gen-gogo/descriptor",
    "sortkeys",
  ]
  pruneopts = "UT"
  revision = "b03c65ea87cdc3521ede29f62fe3ce239267c1bc"
  version = "v1.3.2"

[[projects]]
  digest = "1:dfa0a7a6b64b2ac99259c4e79cc403470a4fa359c41029e0b8be4f419b0a0e5b"
  name = "github.com/google/uuid"
  packages = ["."]
  pruneopts = "UT"
  revision = "bfb86fa49a73e4194d93bea18d7acfe3694438ce"
  version = "v1.2.0"

[[projects]]
  digest = "1:d06fbb4c29d4266211e7fa20d29b61469db346e6df1bea40a70cea066cf25019"
  name = "github.com/hashicorp/errwrap"
  packages = ["."]
  pruneopts = "UT"
  revision = "7b00e5db719c64d14dd0caaacbd13e76254d02c0"
  version = "v1.1.0"

[[projects]]
  digest = "1:71c646a40ec9bcfcc93ce31cde043356cb95670203d219c7edede05779081fe4"
  name = "github.com/hashicorp/go-multierror"
  packages = ["."]
  pruneopts = "UT"
  revision = "9974e9ec57696378079ecc3accd3d6f29401b3a0"
  version = "v1.1.1"

[[projects]]
  digest = "1:8613fa419b22b15397f8af1c38d64232b5dde9b3999f81b61d8d0137c2c7a9ac"
  name = "github.com/huandu/xstrings"
  packages = ["."]
  pruneopts = "UT"
  revision = "52197b1fb3155666d9613b4eb4ed72a86d1f8ab6"
  version = "v1.3.2"

[[projects]]
  digest = "1:1b65aceb5bbbd69e4328dd6278507a822c6c3c5b910f6b02662601446ffbc679"
  name = "github.com/imdario/mergo"
  packages = ["."]
  pruneopts = "UT"
  revision = "29fb3d3bdc5512887f1dc9aedde6a0fed407fa8f"
  version = "0.3.12"

[[projects]]
  digest = "1:304d25ecc3f4ca39f894c959254d3f5fc6176276ccf1f874ded0cd441e2f964f"
  name = "github.com/mattn/go-colorable"
  packages = ["."]
  pruneopts = "UT"
  revision = "2e1b0c1546e0173c0907cf05c67b8ba29ed8b4d1"
  version = "v0.1.8"

[[projects]]
  digest = "1:0c58d31abe2a2ccb429c559b6292e7df89dcda675456fecc282fa90aa08273eb"
  name = "github.com/mattn/go-isatty"
  packages = ["."]
  pruneopts = "UT"
  revision = "7b513a986450394f7bbf1476909911b3aa3a55ce"
  version = "v0.0.12"

[[projects]]
  branch = "master"
  digest = "1:1b6a02fb271a3ea06449dcb5a10449c0306fcafd329361441cce593a0f17db27"
  name = "github.com/mesos/mesos-go"
  packages = [
    "api/v1/lib",
    "api/v1/lib/backoff",
    "api/v1/lib/client",
    "api/v1/lib/debug",
    "api/v1/lib/encoding",
    "api/v1/lib/encoding/codecs",
    "api/v1/lib/encoding/framing",
    "api/v1/lib/encoding/json",
    "api/v1/lib/encoding/proto",
    "api/v1/lib/extras/metrics",
    "api/v1/lib/extras/scheduler/callrules",
    "api/v1/lib/extras/scheduler/controller",
    "api/v1/lib/extras/scheduler/eventrules",
    "api/v1/lib/extras/store",
    "api/v1/lib/httpcli",
    "api/v1/lib/httpcli/apierrors",
    "api/v1/lib/httpcli/httpsched",
    "api/v1/lib/recordio",
    "api/v1/lib/resourcefilters",
    "api/v1/lib/resources",
    "api/v1/lib/roles",
    "api/v1/lib/scheduler",
    "api/v1/lib/scheduler/calls",
    "api/v1/lib/scheduler/events",
  ]
  pruneopts = "UT"
  revision = "de775c0c58642395394de8e54c6677063cfe3b1f"

[[projects]]
  digest = "1:985f58282b1cbbe31294f931d536400afb8d2c9f9cc53b4628dbb49e0a8d7d05"
  name = "github.com/mitchellh/cli"
  packages = ["."]
  pruneopts = "UT"
  revision = "8c0c01154428e654cfad0336e01de9d24ea306c4"
  version = "v1.1.2"

[[projects]]
  digest = "1:4a7a7cc754e268a766749a95370aa8afd7b08b110adf23e264be6ca14d4bb5c5"
  name = "github.com/mitchellh/copystructure"
  packages = ["."]
  pruneopts = "UT"
  revision = "669acedc395e9787079b9144952d8b1469cadc7d"
  version = "v1.1.2"

[[projects]]
  digest = "1:2a7e6f8bebdca6bd8bc359c37f01ae1c4ea4f8481eaabf93b1ae4863f15b72c7"
  name = "github.com/mitchellh/reflectwalk"
  packages = ["."]
  pruneopts = "UT"
  revision = "3e2c75dfad4fbf904b58782a80fd595c760ad185"
  version = "v1.0.1"

[[projects]]
  digest = "1:7a351dc067f78454bf308a1a164d7c7656f6c9a6aa914410ec4f24678f5d52b0"
  name = "github.com/onrik/logrus"
  packages = ["filename"]
  pruneopts = "UT"
  revision = "89f2bfccb19edb7caa7221bf3d91228ed7261cf8"
  version = "v0.9.0"

[[projects]]
  digest = "1:501dea7fe37f7b9a45babc8a871cf645e94486b50ce48e25d2cb6fbdf2715b02"
  name = "github.com/posener/complete"
  packages = [
    ".",
    "cmd",
    "cmd/install",
  ]
  pruneopts = "UT"
  revision = "05b68ffc813dd10c420993cb1cf927b346c057b8"
  version = "v1.2.3"

[[projects]]
  branch = "master"
  digest = "1:53af6f0c705632609b03b2ee9a667c4197fb205b8c843fceaf25753fe7bd6796"
  name = "github.com/pquerna/ffjson"
  packages = [
    "fflib/v1",
    "fflib/v1/internal",
  ]
  pruneopts = "UT"
  revision = "aa0246cd15f76c96de6b96f22a305bdfb2d1ec02"

[[projects]]
  digest = "1:819b22a75ddd43c69965c9582dcab34a077f2d3f543bf8832126b275ea6953e6"
  name = "github.com/sirupsen/logrus"
  packages = ["."]
  pruneopts = "UT"
  revision = "bdc0db8ead3853c56b7cd1ac2ba4e11b47d7da6b"
  version = "v1.8.1"

[[projects]]
  branch = "master"
  digest = "1:2cf0822bed777a1bfb17d192e8dbdc530a883526bedc23c107ced6c4d389a52b"
  name = "golang.org/x/crypto"
  packages = [
    "pbkdf2",
    "scrypt",
  ]
  pruneopts = "UT"
  revision = "83a5a9bb288b4c9523e182ed4f621411a11de3df"

[[projects]]
  branch = "master"
  digest = "1:1fb5f2659e97f21ba4225444ec578a2aa53e78875cceb5f3638067affecd1ff8"
  name = "golang.org/x/sys"
  packages = [
    "internal/unsafeheader",
    "unix",
    "windows",
  ]
  pruneopts = "UT"
  revision = "d19ff857e887eacb631721f188c7d365c2331456"

[solve-meta]
  analyzer-name = "dep"
  analyzer-version = 1
  input-imports = [
    "github.com/gofrs/uuid",
    "github.com/gogo/protobuf/proto",
    "github.com/mesos/mesos-go/api/v1/lib",
    "github.com/mesos/mesos-go/api/v1/lib/backoff",
    "github.com/mesos/mesos-go/api/v1/lib/extras/scheduler/callrules",
    "github.com/mesos/mesos-go/api/v1/lib/extras/scheduler/controller",
    "github.com/mesos/mesos-go/api/v1/lib/extras/scheduler/eventrules",
    "github.com/mesos/mesos-go/api/v1/lib/extras/store",
    "github.com/mesos/mesos-go/api/v1/lib/httpcli",
    "github.com/mesos/mesos-go/api/v1/lib/httpcli/httpsched",
    "github.com/mesos/mesos-go/api/v1/lib/resources",
    "github.com/mesos/mesos-go/api/v1/lib/scheduler",
    "github.com/mesos/mesos-go/api/v1/lib/scheduler/calls",
    "github.com/mesos/mesos-go/api/v1/lib/scheduler/events",
    "github.com/mitchellh/cli",
    "github.com/onrik/logrus/filename",
    "github.com/sirupsen/logrus",
  ]
  solver-name = "gps-cdcl"
  solver-version = 1
